
Microsoft Visual Studio Solution File, Format Version 12.00
# Visual Studio 14
VisualStudioVersion = 14.0.25420.1
MinimumVisualStudioVersion = 10.0.40219.1
Project("{FAE04EC0-301F-11D3-BF4B-00C04F79EFBC}") = "MovieReviews.AspNet.BackEnd", "MovieReviews.AspNet.BackEnd\MovieReviews.AspNet.BackEnd.csproj", "{2D910378-77E1-429C-854F-5AF2B1057C7A}"
EndProject
Project("{FAE04EC0-301F-11D3-BF4B-00C04F79EFBC}") = "MovieReviews.DataModel", "MovieReviews.DataModel\MovieReviews.DataModel.csproj", "{B02844BB-816A-418C-AE0C-1B2AE32E9E3B}"
EndProject
Project("{FAE04EC0-301F-11D3-BF4B-00C04F79EFBC}") = "MovieReviews.AspNet.Mvc", "MovieReviews.AspNet.Mvc\MovieReviews.AspNet.Mvc.csproj", "{D68E93C2-6CC9-44CD-99B6-7AB6654727CB}"
EndProject
Global
	GlobalSection(SolutionConfigurationPlatforms) = preSolution
		Debug|Any CPU = Debug|Any CPU
		Release|Any CPU = Release|Any CPU
	EndGlobalSection
	GlobalSection(ProjectConfigurationPlatforms) = postSolution
		{2D910378-77E1-429C-854F-5AF2B1057C7A}.Debug|Any CPU.ActiveCfg = Debug|Any CPU
		{2D910378-77E1-429C-854F-5AF2B1057C7A}.Debug|Any CPU.Build.0 = Debug|Any CPU
		{2D910378-77E1-429C-854F-5AF2B1057C7A}.Release|Any CPU.ActiveCfg = Release|Any CPU
		{2D910378-77E1-429C-854F-5AF2B1057C7A}.Release|Any CPU.Build.0 = Release|Any CPU
		{B02844BB-816A-418C-AE0C-1B2AE32E9E3B}.Debug|Any CPU.ActiveCfg = Debug|Any CPU
		{B02844BB-816A-418C-AE0C-1B2AE32E9E3B}.Debug|Any CPU.Build.0 = Debug|Any CPU
		{B02844BB-816A-418C-AE0C-1B2AE32E9E3B}.Release|Any CPU.ActiveCfg = Release|Any CPU
		{B02844BB-816A-418C-AE0C-1B2AE32E9E3B}.Release|Any CPU.Build.0 = Release|Any CPU
		{D68E93C2-6CC9-44CD-99B6-7AB6654727CB}.Debug|Any CPU.ActiveCfg = Debug|Any CPU
		{D68E93C2-6CC9-44CD-99B6-7AB6654727CB}.Debug|Any CPU.Build.0 = Debug|Any CPU
		{D68E93C2-6CC9-44CD-99B6-7AB6654727CB}.Release|Any CPU.ActiveCfg = Release|Any CPU
		{D68E93C2-6CC9-44CD-99B6-7AB6654727CB}.Release|Any CPU.Build.0 = Release|Any CPU
	EndGlobalSection
	GlobalSection(SolutionProperties) = preSolution
		HideSolutionNode = FALSE
	EndGlobalSection
EndGlobal
