
Microsoft Visual Studio Solution File, Format Version 12.00
# Visual Studio 14
VisualStudioVersion = 14.0.25420.1
MinimumVisualStudioVersion = 10.0.40219.1
Project("{8BB2217D-0F2D-49D1-97BC-3654ED321F3B}") = "Linq2DynamoDb.DataContext", "Linq2DynamoDb.DataContext\Linq2DynamoDb.DataContext.xproj", "{015AF07F-59A5-4876-ADD2-3410F32C213A}"
EndProject
Project("{8BB2217D-0F2D-49D1-97BC-3654ED321F3B}") = "Linq2DynamoDb.AspNet.DataSource", "Linq2DynamoDb.AspNet.DataSource\Linq2DynamoDb.AspNet.DataSource.xproj", "{B844A42E-6EDF-4546-A96C-833050324025}"
EndProject
Project("{8BB2217D-0F2D-49D1-97BC-3654ED321F3B}") = "Linq2DynamoDb.DataContext.Caching.MemcacheD", "Linq2DynamoDb.DataContext.Caching.MemcacheD\Linq2DynamoDb.DataContext.Caching.MemcacheD.xproj", "{F28FCD6C-2CBC-4315-AA65-76F852883F0C}"
EndProject
Project("{8BB2217D-0F2D-49D1-97BC-3654ED321F3B}") = "Linq2DynamoDb.DataContext.Caching.Redis", "Linq2DynamoDb.DataContext.Caching.Redis\Linq2DynamoDb.DataContext.Caching.Redis.xproj", "{55B76B42-CC0D-4523-B230-60C9C06D8C57}"
EndProject
Project("{8BB2217D-0F2D-49D1-97BC-3654ED321F3B}") = "Linq2DynamoDb.DataContext.Tests", "Linq2DynamoDb.DataContext.Tests\Linq2DynamoDb.DataContext.Tests.xproj", "{196447F6-430D-4E4D-9A2D-866179E5F5F7}"
EndProject
Project("{8BB2217D-0F2D-49D1-97BC-3654ED321F3B}") = "Linq2DynamoDb.WebApi.OData", "Linq2DynamoDb.WebApi.OData\Linq2DynamoDb.WebApi.OData.xproj", "{A0C303AA-8F24-4863-9166-2C2FFCED701E}"
EndProject
Global
	GlobalSection(SolutionConfigurationPlatforms) = preSolution
		Debug|Android = Debug|Android
		Debug|Any CPU = Debug|Any CPU
		Debug|ARM = Debug|ARM
		Debug|iOS = Debug|iOS
		Debug|Windows Phone (Universal) = Debug|Windows Phone (Universal)
		Debug|Windows Phone 8 = Debug|Windows Phone 8
		Debug|Windows-AnyCPU = Debug|Windows-AnyCPU
		Debug|Windows-ARM = Debug|Windows-ARM
		Debug|Windows-x64 = Debug|Windows-x64
		Debug|Windows-x86 = Debug|Windows-x86
		Debug|x86 = Debug|x86
		Release|Android = Release|Android
		Release|Any CPU = Release|Any CPU
		Release|ARM = Release|ARM
		Release|iOS = Release|iOS
		Release|Windows Phone (Universal) = Release|Windows Phone (Universal)
		Release|Windows Phone 8 = Release|Windows Phone 8
		Release|Windows-AnyCPU = Release|Windows-AnyCPU
		Release|Windows-ARM = Release|Windows-ARM
		Release|Windows-x64 = Release|Windows-x64
		Release|Windows-x86 = Release|Windows-x86
		Release|x86 = Release|x86
	EndGlobalSection
	GlobalSection(ProjectConfigurationPlatforms) = postSolution
		{015AF07F-59A5-4876-ADD2-3410F32C213A}.Debug|Android.ActiveCfg = Debug|Any CPU
		{015AF07F-59A5-4876-ADD2-3410F32C213A}.Debug|Any CPU.ActiveCfg = Debug|Any CPU
		{015AF07F-59A5-4876-ADD2-3410F32C213A}.Debug|Any CPU.Build.0 = Debug|Any CPU
		{015AF07F-59A5-4876-ADD2-3410F32C213A}.Debug|ARM.ActiveCfg = Debug|Any CPU
		{015AF07F-59A5-4876-ADD2-3410F32C213A}.Debug|iOS.ActiveCfg = Debug|Any CPU
		{015AF07F-59A5-4876-ADD2-3410F32C213A}.Debug|Windows Phone (Universal).ActiveCfg = Debug|Any CPU
		{015AF07F-59A5-4876-ADD2-3410F32C213A}.Debug|Windows Phone 8.ActiveCfg = Debug|Any CPU
		{015AF07F-59A5-4876-ADD2-3410F32C213A}.Debug|Windows-AnyCPU.ActiveCfg = Debug|Any CPU
		{015AF07F-59A5-4876-ADD2-3410F32C213A}.Debug|Windows-ARM.ActiveCfg = Debug|Any CPU
		{015AF07F-59A5-4876-ADD2-3410F32C213A}.Debug|Windows-x64.ActiveCfg = Debug|Any CPU
		{015AF07F-59A5-4876-ADD2-3410F32C213A}.Debug|Windows-x86.ActiveCfg = Debug|Any CPU
		{015AF07F-59A5-4876-ADD2-3410F32C213A}.Debug|x86.ActiveCfg = Debug|Any CPU
		{015AF07F-59A5-4876-ADD2-3410F32C213A}.Release|Android.ActiveCfg = Release|Any CPU
		{015AF07F-59A5-4876-ADD2-3410F32C213A}.Release|Any CPU.ActiveCfg = Release|Any CPU
		{015AF07F-59A5-4876-ADD2-3410F32C213A}.Release|Any CPU.Build.0 = Release|Any CPU
		{015AF07F-59A5-4876-ADD2-3410F32C213A}.Release|ARM.ActiveCfg = Release|Any CPU
		{015AF07F-59A5-4876-ADD2-3410F32C213A}.Release|iOS.ActiveCfg = Release|Any CPU
		{015AF07F-59A5-4876-ADD2-3410F32C213A}.Release|Windows Phone (Universal).ActiveCfg = Release|Any CPU
		{015AF07F-59A5-4876-ADD2-3410F32C213A}.Release|Windows Phone 8.ActiveCfg = Release|Any CPU
		{015AF07F-59A5-4876-ADD2-3410F32C213A}.Release|Windows-AnyCPU.ActiveCfg = Release|Any CPU
		{015AF07F-59A5-4876-ADD2-3410F32C213A}.Release|Windows-ARM.ActiveCfg = Release|Any CPU
		{015AF07F-59A5-4876-ADD2-3410F32C213A}.Release|Windows-x64.ActiveCfg = Release|Any CPU
		{015AF07F-59A5-4876-ADD2-3410F32C213A}.Release|Windows-x86.ActiveCfg = Release|Any CPU
		{015AF07F-59A5-4876-ADD2-3410F32C213A}.Release|x86.ActiveCfg = Release|Any CPU
		{B844A42E-6EDF-4546-A96C-833050324025}.Debug|Android.ActiveCfg = Debug|Any CPU
		{B844A42E-6EDF-4546-A96C-833050324025}.Debug|Any CPU.ActiveCfg = Debug|Any CPU
		{B844A42E-6EDF-4546-A96C-833050324025}.Debug|Any CPU.Build.0 = Debug|Any CPU
		{B844A42E-6EDF-4546-A96C-833050324025}.Debug|ARM.ActiveCfg = Debug|Any CPU
		{B844A42E-6EDF-4546-A96C-833050324025}.Debug|iOS.ActiveCfg = Debug|Any CPU
		{B844A42E-6EDF-4546-A96C-833050324025}.Debug|Windows Phone (Universal).ActiveCfg = Debug|Any CPU
		{B844A42E-6EDF-4546-A96C-833050324025}.Debug|Windows Phone 8.ActiveCfg = Debug|Any CPU
		{B844A42E-6EDF-4546-A96C-833050324025}.Debug|Windows-AnyCPU.ActiveCfg = Debug|Any CPU
		{B844A42E-6EDF-4546-A96C-833050324025}.Debug|Windows-ARM.ActiveCfg = Debug|Any CPU
		{B844A42E-6EDF-4546-A96C-833050324025}.Debug|Windows-x64.ActiveCfg = Debug|Any CPU
		{B844A42E-6EDF-4546-A96C-833050324025}.Debug|Windows-x86.ActiveCfg = Debug|Any CPU
		{B844A42E-6EDF-4546-A96C-833050324025}.Debug|x86.ActiveCfg = Debug|Any CPU
		{B844A42E-6EDF-4546-A96C-833050324025}.Release|Android.ActiveCfg = Release|Any CPU
		{B844A42E-6EDF-4546-A96C-833050324025}.Release|Any CPU.ActiveCfg = Release|Any CPU
		{B844A42E-6EDF-4546-A96C-833050324025}.Release|Any CPU.Build.0 = Release|Any CPU
		{B844A42E-6EDF-4546-A96C-833050324025}.Release|ARM.ActiveCfg = Release|Any CPU
		{B844A42E-6EDF-4546-A96C-833050324025}.Release|iOS.ActiveCfg = Release|Any CPU
		{B844A42E-6EDF-4546-A96C-833050324025}.Release|Windows Phone (Universal).ActiveCfg = Release|Any CPU
		{B844A42E-6EDF-4546-A96C-833050324025}.Release|Windows Phone 8.ActiveCfg = Release|Any CPU
		{B844A42E-6EDF-4546-A96C-833050324025}.Release|Windows-AnyCPU.ActiveCfg = Release|Any CPU
		{B844A42E-6EDF-4546-A96C-833050324025}.Release|Windows-ARM.ActiveCfg = Release|Any CPU
		{B844A42E-6EDF-4546-A96C-833050324025}.Release|Windows-x64.ActiveCfg = Release|Any CPU
		{B844A42E-6EDF-4546-A96C-833050324025}.Release|Windows-x86.ActiveCfg = Release|Any CPU
		{B844A42E-6EDF-4546-A96C-833050324025}.Release|x86.ActiveCfg = Release|Any CPU
		{F28FCD6C-2CBC-4315-AA65-76F852883F0C}.Debug|Android.ActiveCfg = Debug|Any CPU
		{F28FCD6C-2CBC-4315-AA65-76F852883F0C}.Debug|Any CPU.ActiveCfg = Debug|Any CPU
		{F28FCD6C-2CBC-4315-AA65-76F852883F0C}.Debug|Any CPU.Build.0 = Debug|Any CPU
		{F28FCD6C-2CBC-4315-AA65-76F852883F0C}.Debug|ARM.ActiveCfg = Debug|Any CPU
		{F28FCD6C-2CBC-4315-AA65-76F852883F0C}.Debug|iOS.ActiveCfg = Debug|Any CPU
		{F28FCD6C-2CBC-4315-AA65-76F852883F0C}.Debug|Windows Phone (Universal).ActiveCfg = Debug|Any CPU
		{F28FCD6C-2CBC-4315-AA65-76F852883F0C}.Debug|Windows Phone 8.ActiveCfg = Debug|Any CPU
		{F28FCD6C-2CBC-4315-AA65-76F852883F0C}.Debug|Windows-AnyCPU.ActiveCfg = Debug|Any CPU
		{F28FCD6C-2CBC-4315-AA65-76F852883F0C}.Debug|Windows-ARM.ActiveCfg = Debug|Any CPU
		{F28FCD6C-2CBC-4315-AA65-76F852883F0C}.Debug|Windows-x64.ActiveCfg = Debug|Any CPU
		{F28FCD6C-2CBC-4315-AA65-76F852883F0C}.Debug|Windows-x86.ActiveCfg = Debug|Any CPU
		{F28FCD6C-2CBC-4315-AA65-76F852883F0C}.Debug|x86.ActiveCfg = Debug|Any CPU
		{F28FCD6C-2CBC-4315-AA65-76F852883F0C}.Release|Android.ActiveCfg = Release|Any CPU
		{F28FCD6C-2CBC-4315-AA65-76F852883F0C}.Release|Any CPU.ActiveCfg = Release|Any CPU
		{F28FCD6C-2CBC-4315-AA65-76F852883F0C}.Release|Any CPU.Build.0 = Release|Any CPU
		{F28FCD6C-2CBC-4315-AA65-76F852883F0C}.Release|ARM.ActiveCfg = Release|Any CPU
		{F28FCD6C-2CBC-4315-AA65-76F852883F0C}.Release|iOS.ActiveCfg = Release|Any CPU
		{F28FCD6C-2CBC-4315-AA65-76F852883F0C}.Release|Windows Phone (Universal).ActiveCfg = Release|Any CPU
		{F28FCD6C-2CBC-4315-AA65-76F852883F0C}.Release|Windows Phone 8.ActiveCfg = Release|Any CPU
		{F28FCD6C-2CBC-4315-AA65-76F852883F0C}.Release|Windows-AnyCPU.ActiveCfg = Release|Any CPU
		{F28FCD6C-2CBC-4315-AA65-76F852883F0C}.Release|Windows-ARM.ActiveCfg = Release|Any CPU
		{F28FCD6C-2CBC-4315-AA65-76F852883F0C}.Release|Windows-x64.ActiveCfg = Release|Any CPU
		{F28FCD6C-2CBC-4315-AA65-76F852883F0C}.Release|Windows-x86.ActiveCfg = Release|Any CPU
		{F28FCD6C-2CBC-4315-AA65-76F852883F0C}.Release|x86.ActiveCfg = Release|Any CPU
		{55B76B42-CC0D-4523-B230-60C9C06D8C57}.Debug|Android.ActiveCfg = Debug|Any CPU
		{55B76B42-CC0D-4523-B230-60C9C06D8C57}.Debug|Any CPU.ActiveCfg = Debug|Any CPU
		{55B76B42-CC0D-4523-B230-60C9C06D8C57}.Debug|Any CPU.Build.0 = Debug|Any CPU
		{55B76B42-CC0D-4523-B230-60C9C06D8C57}.Debug|ARM.ActiveCfg = Debug|Any CPU
		{55B76B42-CC0D-4523-B230-60C9C06D8C57}.Debug|iOS.ActiveCfg = Debug|Any CPU
		{55B76B42-CC0D-4523-B230-60C9C06D8C57}.Debug|Windows Phone (Universal).ActiveCfg = Debug|Any CPU
		{55B76B42-CC0D-4523-B230-60C9C06D8C57}.Debug|Windows Phone 8.ActiveCfg = Debug|Any CPU
		{55B76B42-CC0D-4523-B230-60C9C06D8C57}.Debug|Windows-AnyCPU.ActiveCfg = Debug|Any CPU
		{55B76B42-CC0D-4523-B230-60C9C06D8C57}.Debug|Windows-ARM.ActiveCfg = Debug|Any CPU
		{55B76B42-CC0D-4523-B230-60C9C06D8C57}.Debug|Windows-x64.ActiveCfg = Debug|Any CPU
		{55B76B42-CC0D-4523-B230-60C9C06D8C57}.Debug|Windows-x86.ActiveCfg = Debug|Any CPU
		{55B76B42-CC0D-4523-B230-60C9C06D8C57}.Debug|x86.ActiveCfg = Debug|Any CPU
		{55B76B42-CC0D-4523-B230-60C9C06D8C57}.Release|Android.ActiveCfg = Release|Any CPU
		{55B76B42-CC0D-4523-B230-60C9C06D8C57}.Release|Any CPU.ActiveCfg = Release|Any CPU
		{55B76B42-CC0D-4523-B230-60C9C06D8C57}.Release|Any CPU.Build.0 = Release|Any CPU
		{55B76B42-CC0D-4523-B230-60C9C06D8C57}.Release|ARM.ActiveCfg = Release|Any CPU
		{55B76B42-CC0D-4523-B230-60C9C06D8C57}.Release|iOS.ActiveCfg = Release|Any CPU
		{55B76B42-CC0D-4523-B230-60C9C06D8C57}.Release|Windows Phone (Universal).ActiveCfg = Release|Any CPU
		{55B76B42-CC0D-4523-B230-60C9C06D8C57}.Release|Windows Phone 8.ActiveCfg = Release|Any CPU
		{55B76B42-CC0D-4523-B230-60C9C06D8C57}.Release|Windows-AnyCPU.ActiveCfg = Release|Any CPU
		{55B76B42-CC0D-4523-B230-60C9C06D8C57}.Release|Windows-ARM.ActiveCfg = Release|Any CPU
		{55B76B42-CC0D-4523-B230-60C9C06D8C57}.Release|Windows-x64.ActiveCfg = Release|Any CPU
		{55B76B42-CC0D-4523-B230-60C9C06D8C57}.Release|Windows-x86.ActiveCfg = Release|Any CPU
		{55B76B42-CC0D-4523-B230-60C9C06D8C57}.Release|x86.ActiveCfg = Release|Any CPU
		{196447F6-430D-4E4D-9A2D-866179E5F5F7}.Debug|Android.ActiveCfg = Debug|Any CPU
		{196447F6-430D-4E4D-9A2D-866179E5F5F7}.Debug|Any CPU.ActiveCfg = Debug|Any CPU
		{196447F6-430D-4E4D-9A2D-866179E5F5F7}.Debug|Any CPU.Build.0 = Debug|Any CPU
		{196447F6-430D-4E4D-9A2D-866179E5F5F7}.Debug|ARM.ActiveCfg = Debug|Any CPU
		{196447F6-430D-4E4D-9A2D-866179E5F5F7}.Debug|iOS.ActiveCfg = Debug|Any CPU
		{196447F6-430D-4E4D-9A2D-866179E5F5F7}.Debug|Windows Phone (Universal).ActiveCfg = Debug|Any CPU
		{196447F6-430D-4E4D-9A2D-866179E5F5F7}.Debug|Windows Phone 8.ActiveCfg = Debug|Any CPU
		{196447F6-430D-4E4D-9A2D-866179E5F5F7}.Debug|Windows-AnyCPU.ActiveCfg = Debug|Any CPU
		{196447F6-430D-4E4D-9A2D-866179E5F5F7}.Debug|Windows-ARM.ActiveCfg = Debug|Any CPU
		{196447F6-430D-4E4D-9A2D-866179E5F5F7}.Debug|Windows-x64.ActiveCfg = Debug|Any CPU
		{196447F6-430D-4E4D-9A2D-866179E5F5F7}.Debug|Windows-x86.ActiveCfg = Debug|Any CPU
		{196447F6-430D-4E4D-9A2D-866179E5F5F7}.Debug|x86.ActiveCfg = Debug|Any CPU
		{196447F6-430D-4E4D-9A2D-866179E5F5F7}.Release|Android.ActiveCfg = Release|Any CPU
		{196447F6-430D-4E4D-9A2D-866179E5F5F7}.Release|Any CPU.ActiveCfg = Release|Any CPU
		{196447F6-430D-4E4D-9A2D-866179E5F5F7}.Release|Any CPU.Build.0 = Release|Any CPU
		{196447F6-430D-4E4D-9A2D-866179E5F5F7}.Release|ARM.ActiveCfg = Release|Any CPU
		{196447F6-430D-4E4D-9A2D-866179E5F5F7}.Release|iOS.ActiveCfg = Release|Any CPU
		{196447F6-430D-4E4D-9A2D-866179E5F5F7}.Release|Windows Phone (Universal).ActiveCfg = Release|Any CPU
		{196447F6-430D-4E4D-9A2D-866179E5F5F7}.Release|Windows Phone 8.ActiveCfg = Release|Any CPU
		{196447F6-430D-4E4D-9A2D-866179E5F5F7}.Release|Windows-AnyCPU.ActiveCfg = Release|Any CPU
		{196447F6-430D-4E4D-9A2D-866179E5F5F7}.Release|Windows-ARM.ActiveCfg = Release|Any CPU
		{196447F6-430D-4E4D-9A2D-866179E5F5F7}.Release|Windows-x64.ActiveCfg = Release|Any CPU
		{196447F6-430D-4E4D-9A2D-866179E5F5F7}.Release|Windows-x86.ActiveCfg = Release|Any CPU
		{196447F6-430D-4E4D-9A2D-866179E5F5F7}.Release|x86.ActiveCfg = Release|Any CPU
		{A0C303AA-8F24-4863-9166-2C2FFCED701E}.Debug|Android.ActiveCfg = Debug|Any CPU
		{A0C303AA-8F24-4863-9166-2C2FFCED701E}.Debug|Android.Build.0 = Debug|Any CPU
		{A0C303AA-8F24-4863-9166-2C2FFCED701E}.Debug|Any CPU.ActiveCfg = Debug|Any CPU
		{A0C303AA-8F24-4863-9166-2C2FFCED701E}.Debug|Any CPU.Build.0 = Debug|Any CPU
		{A0C303AA-8F24-4863-9166-2C2FFCED701E}.Debug|ARM.ActiveCfg = Debug|Any CPU
		{A0C303AA-8F24-4863-9166-2C2FFCED701E}.Debug|ARM.Build.0 = Debug|Any CPU
		{A0C303AA-8F24-4863-9166-2C2FFCED701E}.Debug|iOS.ActiveCfg = Debug|Any CPU
		{A0C303AA-8F24-4863-9166-2C2FFCED701E}.Debug|iOS.Build.0 = Debug|Any CPU
		{A0C303AA-8F24-4863-9166-2C2FFCED701E}.Debug|Windows Phone (Universal).ActiveCfg = Debug|Any CPU
		{A0C303AA-8F24-4863-9166-2C2FFCED701E}.Debug|Windows Phone (Universal).Build.0 = Debug|Any CPU
		{A0C303AA-8F24-4863-9166-2C2FFCED701E}.Debug|Windows Phone 8.ActiveCfg = Debug|Any CPU
		{A0C303AA-8F24-4863-9166-2C2FFCED701E}.Debug|Windows Phone 8.Build.0 = Debug|Any CPU
		{A0C303AA-8F24-4863-9166-2C2FFCED701E}.Debug|Windows-AnyCPU.ActiveCfg = Debug|Any CPU
		{A0C303AA-8F24-4863-9166-2C2FFCED701E}.Debug|Windows-AnyCPU.Build.0 = Debug|Any CPU
		{A0C303AA-8F24-4863-9166-2C2FFCED701E}.Debug|Windows-ARM.ActiveCfg = Debug|Any CPU
		{A0C303AA-8F24-4863-9166-2C2FFCED701E}.Debug|Windows-ARM.Build.0 = Debug|Any CPU
		{A0C303AA-8F24-4863-9166-2C2FFCED701E}.Debug|Windows-x64.ActiveCfg = Debug|Any CPU
		{A0C303AA-8F24-4863-9166-2C2FFCED701E}.Debug|Windows-x64.Build.0 = Debug|Any CPU
		{A0C303AA-8F24-4863-9166-2C2FFCED701E}.Debug|Windows-x86.ActiveCfg = Debug|Any CPU
		{A0C303AA-8F24-4863-9166-2C2FFCED701E}.Debug|Windows-x86.Build.0 = Debug|Any CPU
		{A0C303AA-8F24-4863-9166-2C2FFCED701E}.Debug|x86.ActiveCfg = Debug|Any CPU
		{A0C303AA-8F24-4863-9166-2C2FFCED701E}.Debug|x86.Build.0 = Debug|Any CPU
		{A0C303AA-8F24-4863-9166-2C2FFCED701E}.Release|Android.ActiveCfg = Release|Any CPU
		{A0C303AA-8F24-4863-9166-2C2FFCED701E}.Release|Android.Build.0 = Release|Any CPU
		{A0C303AA-8F24-4863-9166-2C2FFCED701E}.Release|Any CPU.ActiveCfg = Release|Any CPU
		{A0C303AA-8F24-4863-9166-2C2FFCED701E}.Release|Any CPU.Build.0 = Release|Any CPU
		{A0C303AA-8F24-4863-9166-2C2FFCED701E}.Release|ARM.ActiveCfg = Release|Any CPU
		{A0C303AA-8F24-4863-9166-2C2FFCED701E}.Release|ARM.Build.0 = Release|Any CPU
		{A0C303AA-8F24-4863-9166-2C2FFCED701E}.Release|iOS.ActiveCfg = Release|Any CPU
		{A0C303AA-8F24-4863-9166-2C2FFCED701E}.Release|iOS.Build.0 = Release|Any CPU
		{A0C303AA-8F24-4863-9166-2C2FFCED701E}.Release|Windows Phone (Universal).ActiveCfg = Release|Any CPU
		{A0C303AA-8F24-4863-9166-2C2FFCED701E}.Release|Windows Phone (Universal).Build.0 = Release|Any CPU
		{A0C303AA-8F24-4863-9166-2C2FFCED701E}.Release|Windows Phone 8.ActiveCfg = Release|Any CPU
		{A0C303AA-8F24-4863-9166-2C2FFCED701E}.Release|Windows Phone 8.Build.0 = Release|Any CPU
		{A0C303AA-8F24-4863-9166-2C2FFCED701E}.Release|Windows-AnyCPU.ActiveCfg = Release|Any CPU
		{A0C303AA-8F24-4863-9166-2C2FFCED701E}.Release|Windows-AnyCPU.Build.0 = Release|Any CPU
		{A0C303AA-8F24-4863-9166-2C2FFCED701E}.Release|Windows-ARM.ActiveCfg = Release|Any CPU
		{A0C303AA-8F24-4863-9166-2C2FFCED701E}.Release|Windows-ARM.Build.0 = Release|Any CPU
		{A0C303AA-8F24-4863-9166-2C2FFCED701E}.Release|Windows-x64.ActiveCfg = Release|Any CPU
		{A0C303AA-8F24-4863-9166-2C2FFCED701E}.Release|Windows-x64.Build.0 = Release|Any CPU
		{A0C303AA-8F24-4863-9166-2C2FFCED701E}.Release|Windows-x86.ActiveCfg = Release|Any CPU
		{A0C303AA-8F24-4863-9166-2C2FFCED701E}.Release|Windows-x86.Build.0 = Release|Any CPU
		{A0C303AA-8F24-4863-9166-2C2FFCED701E}.Release|x86.ActiveCfg = Release|Any CPU
		{A0C303AA-8F24-4863-9166-2C2FFCED701E}.Release|x86.Build.0 = Release|Any CPU
	EndGlobalSection
	GlobalSection(SolutionProperties) = preSolution
		HideSolutionNode = FALSE
	EndGlobalSection
EndGlobal
