
Microsoft Visual Studio Solution File, Format Version 12.00
# Visual Studio 14
VisualStudioVersion = 14.0.23107.0
MinimumVisualStudioVersion = 10.0.40219.1
Project("{FAE04EC0-301F-11D3-BF4B-00C04F79EFBC}") = "Linq2DynamoDb.DataContext", "Linq2DynamoDb.DataContext\Linq2DynamoDb.DataContext.csproj", "{0E11B3F3-2347-4F2F-A469-2F6B1A0F1374}"
EndProject
Project("{FAE04EC0-301F-11D3-BF4B-00C04F79EFBC}") = "Linq2DynamoDb.AspNet.DataSource", "Linq2DynamoDb.AspNet.DataSource\Linq2DynamoDb.AspNet.DataSource.csproj", "{64694925-A58D-45B0-9C9F-C6DC7B9E07A0}"
EndProject
Project("{FAE04EC0-301F-11D3-BF4B-00C04F79EFBC}") = "Linq2DynamoDb.DataContext.Tests", "Linq2DynamoDb.DataContext.Tests\Linq2DynamoDb.DataContext.Tests.csproj", "{3B5995A2-1D42-4F5D-BDDA-63648A7AECAA}"
EndProject
Project("{2150E333-8FDC-42A3-9474-1A3956D46DE8}") = "Solution Items", "Solution Items", "{FA6E1462-BC58-4778-BC4D-4ECFF877E151}"
	ProjectSection(SolutionItems) = preProject
		nuget.exe = nuget.exe
	EndProjectSection
EndProject
Project("{FAE04EC0-301F-11D3-BF4B-00C04F79EFBC}") = "Linq2DynamoDb.DataContext.Caching.Redis", "Linq2DynamoDb.DataContext.Caching.Redis\Linq2DynamoDb.DataContext.Caching.Redis.csproj", "{8374FB75-7813-4848-819C-793B73FCCA65}"
EndProject
Global
	GlobalSection(SolutionConfigurationPlatforms) = preSolution
		Debug|Any CPU = Debug|Any CPU
		Log Output|Any CPU = Log Output|Any CPU
		Mono|Any CPU = Mono|Any CPU
		Release|Any CPU = Release|Any CPU
		Verbose|Any CPU = Verbose|Any CPU
	EndGlobalSection
	GlobalSection(ProjectConfigurationPlatforms) = postSolution
		{0E11B3F3-2347-4F2F-A469-2F6B1A0F1374}.Debug|Any CPU.ActiveCfg = Debug|Any CPU
		{0E11B3F3-2347-4F2F-A469-2F6B1A0F1374}.Debug|Any CPU.Build.0 = Debug|Any CPU
		{0E11B3F3-2347-4F2F-A469-2F6B1A0F1374}.Log Output|Any CPU.ActiveCfg = Release|Any CPU
		{0E11B3F3-2347-4F2F-A469-2F6B1A0F1374}.Log Output|Any CPU.Build.0 = Release|Any CPU
		{0E11B3F3-2347-4F2F-A469-2F6B1A0F1374}.Mono|Any CPU.ActiveCfg = Release|Any CPU
		{0E11B3F3-2347-4F2F-A469-2F6B1A0F1374}.Mono|Any CPU.Build.0 = Release|Any CPU
		{0E11B3F3-2347-4F2F-A469-2F6B1A0F1374}.Release|Any CPU.ActiveCfg = Release|Any CPU
		{0E11B3F3-2347-4F2F-A469-2F6B1A0F1374}.Release|Any CPU.Build.0 = Release|Any CPU
		{0E11B3F3-2347-4F2F-A469-2F6B1A0F1374}.Verbose|Any CPU.ActiveCfg = Release|Any CPU
		{0E11B3F3-2347-4F2F-A469-2F6B1A0F1374}.Verbose|Any CPU.Build.0 = Release|Any CPU
		{64694925-A58D-45B0-9C9F-C6DC7B9E07A0}.Debug|Any CPU.ActiveCfg = Debug|Any CPU
		{64694925-A58D-45B0-9C9F-C6DC7B9E07A0}.Debug|Any CPU.Build.0 = Debug|Any CPU
		{64694925-A58D-45B0-9C9F-C6DC7B9E07A0}.Log Output|Any CPU.ActiveCfg = Release|Any CPU
		{64694925-A58D-45B0-9C9F-C6DC7B9E07A0}.Log Output|Any CPU.Build.0 = Release|Any CPU
		{64694925-A58D-45B0-9C9F-C6DC7B9E07A0}.Mono|Any CPU.ActiveCfg = Release|Any CPU
		{64694925-A58D-45B0-9C9F-C6DC7B9E07A0}.Mono|Any CPU.Build.0 = Release|Any CPU
		{64694925-A58D-45B0-9C9F-C6DC7B9E07A0}.Release|Any CPU.ActiveCfg = Release|Any CPU
		{64694925-A58D-45B0-9C9F-C6DC7B9E07A0}.Release|Any CPU.Build.0 = Release|Any CPU
		{64694925-A58D-45B0-9C9F-C6DC7B9E07A0}.Verbose|Any CPU.ActiveCfg = Release|Any CPU
		{64694925-A58D-45B0-9C9F-C6DC7B9E07A0}.Verbose|Any CPU.Build.0 = Release|Any CPU
		{3B5995A2-1D42-4F5D-BDDA-63648A7AECAA}.Debug|Any CPU.ActiveCfg = Debug|Any CPU
		{3B5995A2-1D42-4F5D-BDDA-63648A7AECAA}.Debug|Any CPU.Build.0 = Debug|Any CPU
		{3B5995A2-1D42-4F5D-BDDA-63648A7AECAA}.Log Output|Any CPU.ActiveCfg = Release|Any CPU
		{3B5995A2-1D42-4F5D-BDDA-63648A7AECAA}.Log Output|Any CPU.Build.0 = Release|Any CPU
		{3B5995A2-1D42-4F5D-BDDA-63648A7AECAA}.Mono|Any CPU.ActiveCfg = Release|Any CPU
		{3B5995A2-1D42-4F5D-BDDA-63648A7AECAA}.Mono|Any CPU.Build.0 = Release|Any CPU
		{3B5995A2-1D42-4F5D-BDDA-63648A7AECAA}.Release|Any CPU.ActiveCfg = Release|Any CPU
		{3B5995A2-1D42-4F5D-BDDA-63648A7AECAA}.Release|Any CPU.Build.0 = Release|Any CPU
		{3B5995A2-1D42-4F5D-BDDA-63648A7AECAA}.Verbose|Any CPU.ActiveCfg = Release|Any CPU
		{3B5995A2-1D42-4F5D-BDDA-63648A7AECAA}.Verbose|Any CPU.Build.0 = Release|Any CPU
		{8374FB75-7813-4848-819C-793B73FCCA65}.Debug|Any CPU.ActiveCfg = Debug|Any CPU
		{8374FB75-7813-4848-819C-793B73FCCA65}.Debug|Any CPU.Build.0 = Debug|Any CPU
		{8374FB75-7813-4848-819C-793B73FCCA65}.Log Output|Any CPU.ActiveCfg = Release|Any CPU
		{8374FB75-7813-4848-819C-793B73FCCA65}.Log Output|Any CPU.Build.0 = Release|Any CPU
		{8374FB75-7813-4848-819C-793B73FCCA65}.Mono|Any CPU.ActiveCfg = Release|Any CPU
		{8374FB75-7813-4848-819C-793B73FCCA65}.Mono|Any CPU.Build.0 = Release|Any CPU
		{8374FB75-7813-4848-819C-793B73FCCA65}.Release|Any CPU.ActiveCfg = Release|Any CPU
		{8374FB75-7813-4848-819C-793B73FCCA65}.Release|Any CPU.Build.0 = Release|Any CPU
		{8374FB75-7813-4848-819C-793B73FCCA65}.Verbose|Any CPU.ActiveCfg = Release|Any CPU
		{8374FB75-7813-4848-819C-793B73FCCA65}.Verbose|Any CPU.Build.0 = Release|Any CPU
	EndGlobalSection
	GlobalSection(SolutionProperties) = preSolution
		HideSolutionNode = FALSE
	EndGlobalSection
EndGlobal
